
Microsoft Visual Studio Solution File, Format Version 12.00
# Visual Studio Version 17
VisualStudioVersion = 17.14.36212.18 d17.14
MinimumVisualStudioVersion = 10.0.40219.1
Project("{FAE04EC0-301F-11D3-BF4B-00C04F79EFBC}") = "Demo", "Demo\Demo.csproj", "{EE8CA912-A8A9-450F-A58D-298F18BEDCDA}"
EndProject
Global
	GlobalSection(SolutionConfigurationPlatforms) = preSolution
		Debug|Any CPU = Debug|Any CPU
		Release|Any CPU = Release|Any CPU
	EndGlobalSection
	GlobalSection(ProjectConfigurationPlatforms) = postSolution
		{EE8CA912-A8A9-450F-A58D-298F18BEDCDA}.Debug|Any CPU.ActiveCfg = Debug|Any CPU
		{EE8CA912-A8A9-450F-A58D-298F18BEDCDA}.Debug|Any CPU.Build.0 = Debug|Any CPU
		{EE8CA912-A8A9-450F-A58D-298F18BEDCDA}.Release|Any CPU.ActiveCfg = Release|Any CPU
		{EE8CA912-A8A9-450F-A58D-298F18BEDCDA}.Release|Any CPU.Build.0 = Release|Any CPU
	EndGlobalSection
	GlobalSection(SolutionProperties) = preSolution
		HideSolutionNode = FALSE
	EndGlobalSection
	GlobalSection(ExtensibilityGlobals) = postSolution
		SolutionGuid = {01B3EFA5-3A39-4B60-BDC8-156E8F76E2C5}
	EndGlobalSection
EndGlobal
